
Microsoft Visual Studio Solution File, Format Version 12.00
# Visual Studio 15
VisualStudioVersion = 15.0.28307.168
MinimumVisualStudioVersion = 10.0.40219.1
Project("{888888A0-9F3D-457C-B088-3A5042F75D52}") = "Init", "Init.pyproj", "{BFDBCB36-1F57-45A1-8DD9-9F1E2C52C21C}"
EndProject
Global
	GlobalSection(SolutionConfigurationPlatforms) = preSolution
		Debug|Any CPU = Debug|Any CPU
		Release|Any CPU = Release|Any CPU
	EndGlobalSection
	GlobalSection(ProjectConfigurationPlatforms) = postSolution
		{BFDBCB36-1F57-45A1-8DD9-9F1E2C52C21C}.Debug|Any CPU.ActiveCfg = Debug|Any CPU
		{BFDBCB36-1F57-45A1-8DD9-9F1E2C52C21C}.Release|Any CPU.ActiveCfg = Release|Any CPU
	EndGlobalSection
	GlobalSection(SolutionProperties) = preSolution
		HideSolutionNode = FALSE
	EndGlobalSection
	GlobalSection(ExtensibilityGlobals) = postSolution
		SolutionGuid = {2AF7DF9B-DB3F-4691-9847-15D3D8D1A111}
	EndGlobalSection
EndGlobal
